
Microsoft Visual Studio Solution File, Format Version 12.00
# Visual Studio Version 16
VisualStudioVersion = 16.0.34114.132
MinimumVisualStudioVersion = 10.0.40219.1
Project("{FAE04EC0-301F-11D3-BF4B-00C04F79EFBC}") = "JWTTOKEN_Practice", "JWTTOKEN_Practice\JWTTOKEN_Practice.csproj", "{09D07B0B-FAC7-47D7-A5B5-72F9644C1DFF}"
EndProject
Project("{FAE04EC0-301F-11D3-BF4B-00C04F79EFBC}") = "CONSUME_API", "CONSUME_API\CONSUME_API.csproj", "{B7AA5E9B-3939-4289-B9E8-7DEE36616801}"
EndProject
Project("{FAE04EC0-301F-11D3-BF4B-00C04F79EFBC}") = "DataAccessLayer", "DataAccessLayer\DataAccessLayer.csproj", "{74C2A5CA-3C22-4E64-BAA1-803A93626EBE}"
EndProject
Global
	GlobalSection(SolutionConfigurationPlatforms) = preSolution
		Debug|Any CPU = Debug|Any CPU
		Release|Any CPU = Release|Any CPU
	EndGlobalSection
	GlobalSection(ProjectConfigurationPlatforms) = postSolution
		{09D07B0B-FAC7-47D7-A5B5-72F9644C1DFF}.Debug|Any CPU.ActiveCfg = Debug|Any CPU
		{09D07B0B-FAC7-47D7-A5B5-72F9644C1DFF}.Debug|Any CPU.Build.0 = Debug|Any CPU
		{09D07B0B-FAC7-47D7-A5B5-72F9644C1DFF}.Release|Any CPU.ActiveCfg = Release|Any CPU
		{09D07B0B-FAC7-47D7-A5B5-72F9644C1DFF}.Release|Any CPU.Build.0 = Release|Any CPU
		{B7AA5E9B-3939-4289-B9E8-7DEE36616801}.Debug|Any CPU.ActiveCfg = Debug|Any CPU
		{B7AA5E9B-3939-4289-B9E8-7DEE36616801}.Debug|Any CPU.Build.0 = Debug|Any CPU
		{B7AA5E9B-3939-4289-B9E8-7DEE36616801}.Release|Any CPU.ActiveCfg = Release|Any CPU
		{B7AA5E9B-3939-4289-B9E8-7DEE36616801}.Release|Any CPU.Build.0 = Release|Any CPU
		{74C2A5CA-3C22-4E64-BAA1-803A93626EBE}.Debug|Any CPU.ActiveCfg = Debug|Any CPU
		{74C2A5CA-3C22-4E64-BAA1-803A93626EBE}.Debug|Any CPU.Build.0 = Debug|Any CPU
		{74C2A5CA-3C22-4E64-BAA1-803A93626EBE}.Release|Any CPU.ActiveCfg = Release|Any CPU
		{74C2A5CA-3C22-4E64-BAA1-803A93626EBE}.Release|Any CPU.Build.0 = Release|Any CPU
	EndGlobalSection
	GlobalSection(SolutionProperties) = preSolution
		HideSolutionNode = FALSE
	EndGlobalSection
	GlobalSection(ExtensibilityGlobals) = postSolution
		SolutionGuid = {70BD9E8A-4CC1-4B5A-A4B4-8302A3117980}
	EndGlobalSection
EndGlobal
